# This file is automatically @generated by Cargo.
# It is not intended for manual editing.
version = 4

[[package]]
name = "rawusb"
version = "0.1.7"
source = "registry+https://github.com/rust-lang/crates.io-index"
checksum = "36eb91f3d99648742b819d54b8bc33941ee5740ff1b3bb0e77903daa94b5dfba"

[[package]]
name = "visgrok"
version = "0.1.0"
dependencies = [
 "rawusb",
]

[[package]]
name = "visgrok-tui"
version = "0.1.0"
dependencies = [
 "visgrok",
]
